
Microsoft Visual Studio Solution File, Format Version 12.00
# Visual Studio Version 16
VisualStudioVersion = 16.0.29519.87
MinimumVisualStudioVersion = 10.0.40219.1
Project("{FAE04EC0-301F-11D3-BF4B-00C04F79EFBC}") = "ReneLombard.Translation", "ReneLombard.Translation\ReneLombard.Translation.csproj", "{47EB167D-5799-42B8-899F-09C208F0537A}"
EndProject
Project("{FAE04EC0-301F-11D3-BF4B-00C04F79EFBC}") = "ReneLombard.Translation.Sample", "ReneLombard.Translation.Sample\ReneLombard.Translation.Sample.csproj", "{0B4A3E93-141E-4C16-A062-ACBC67857640}"
	ProjectSection(ProjectDependencies) = postProject
		{47EB167D-5799-42B8-899F-09C208F0537A} = {47EB167D-5799-42B8-899F-09C208F0537A}
	EndProjectSection
EndProject
Global
	GlobalSection(SolutionConfigurationPlatforms) = preSolution
		Debug|Any CPU = Debug|Any CPU
		Release|Any CPU = Release|Any CPU
	EndGlobalSection
	GlobalSection(ProjectConfigurationPlatforms) = postSolution
		{47EB167D-5799-42B8-899F-09C208F0537A}.Debug|Any CPU.ActiveCfg = Debug|Any CPU
		{47EB167D-5799-42B8-899F-09C208F0537A}.Debug|Any CPU.Build.0 = Debug|Any CPU
		{47EB167D-5799-42B8-899F-09C208F0537A}.Release|Any CPU.ActiveCfg = Release|Any CPU
		{47EB167D-5799-42B8-899F-09C208F0537A}.Release|Any CPU.Build.0 = Release|Any CPU
		{0B4A3E93-141E-4C16-A062-ACBC67857640}.Debug|Any CPU.ActiveCfg = Debug|Any CPU
		{0B4A3E93-141E-4C16-A062-ACBC67857640}.Debug|Any CPU.Build.0 = Debug|Any CPU
		{0B4A3E93-141E-4C16-A062-ACBC67857640}.Release|Any CPU.ActiveCfg = Release|Any CPU
		{0B4A3E93-141E-4C16-A062-ACBC67857640}.Release|Any CPU.Build.0 = Release|Any CPU
	EndGlobalSection
	GlobalSection(SolutionProperties) = preSolution
		HideSolutionNode = FALSE
	EndGlobalSection
	GlobalSection(ExtensibilityGlobals) = postSolution
		SolutionGuid = {446B800D-2F2F-4B42-8A12-0242EA3975AA}
	EndGlobalSection
EndGlobal
